{
  "name": "moving-cli",
  "version": "0.1.0",
  "lockfileVersion": 3,
  "requires": true,
  "packages": {
    "": {
      "name": "moving-cli",
      "version": "0.1.0",
      "license": "UNLICENSED",
      "bin": {
        "moving-cli": "bin/moving-cli.js"
      },
      "engines": {
        "node": ">=20"
      }
    }
  }
}
